// !$*UTF8*$!
{
	archiveVersion = 1;
	classes = {
	};
	objectVersion = 55;
	objects = {

/* Begin PBXBuildFile section */
		4C37226A29346048007B1BB7 /* InterstitialAd.swift in Sources */ = {isa = PBXBuildFile; fileRef = 4C37226629346043007B1BB7 /* InterstitialAd.swift */; };
		4C37226B29346048007B1BB7 /* FullScreenModifier.swift in Sources */ = {isa = PBXBuildFile; fileRef = 4C37226729346045007B1BB7 /* FullScreenModifier.swift */; };
		4C37226C29346048007B1BB7 /* SwiftUIBannerAd.swift in Sources */ = {isa = PBXBuildFile; fileRef = 4C37226829346046007B1BB7 /* SwiftUIBannerAd.swift */; };
		4C37226D29346048007B1BB7 /* RewardedAd.swift in Sources */ = {isa = PBXBuildFile; fileRef = 4C37226929346048007B1BB7 /* RewardedAd.swift */; };
		4C37226F29346056007B1BB7 /* SwiftUIMobileAds.swift in Sources */ = {isa = PBXBuildFile; fileRef = 4C37226E29346056007B1BB7 /* SwiftUIMobileAds.swift */; };
		4C489E8C293C46EB008CE6C5 /* ThirtyThreeToNycWeekend.swift in Sources */ = {isa = PBXBuildFile; fileRef = 4C489E8B293C46EB008CE6C5 /* ThirtyThreeToNycWeekend.swift */; };
		4C489E8E293C4700008CE6C5 /* ThirtyThreeFromNycWeekend.swift in Sources */ = {isa = PBXBuildFile; fileRef = 4C489E8D293C4700008CE6C5 /* ThirtyThreeFromNycWeekend.swift */; };
		4C489E90293C4720008CE6C5 /* FofrtyFourToNyc.swift in Sources */ = {isa = PBXBuildFile; fileRef = 4C489E8F293C4720008CE6C5 /* FofrtyFourToNyc.swift */; };
		4C489E92293C4734008CE6C5 /* FortyFourFromNYC.swift in Sources */ = {isa = PBXBuildFile; fileRef = 4C489E91293C4734008CE6C5 /* FortyFourFromNYC.swift */; };
		4C489E98293C477E008CE6C5 /* SixtySixToNYC.swift in Sources */ = {isa = PBXBuildFile; fileRef = 4C489E97293C477E008CE6C5 /* SixtySixToNYC.swift */; };
		4C489E9A293C479A008CE6C5 /* SixtySixFromNYC.swift in Sources */ = {isa = PBXBuildFile; fileRef = 4C489E99293C479A008CE6C5 /* SixtySixFromNYC.swift */; };
		4C489E9C293C47AE008CE6C5 /* SixtySixToNYCWeekend.swift in Sources */ = {isa = PBXBuildFile; fileRef = 4C489E9B293C47AE008CE6C5 /* SixtySixToNYCWeekend.swift */; };
		4C489E9E293C47C7008CE6C5 /* SixtySixFromNYCWeekend.swift in Sources */ = {isa = PBXBuildFile; fileRef = 4C489E9D293C47C7008CE6C5 /* SixtySixFromNYCWeekend.swift */; };
		4C5D2792292EB9320032F992 /* Decamp2App.swift in Sources */ = {isa = PBXBuildFile; fileRef = 4C5D2791292EB9320032F992 /* Decamp2App.swift */; };
		4C5D2794292EB9320032F992 /* ContentView.swift in Sources */ = {isa = PBXBuildFile; fileRef = 4C5D2793292EB9320032F992 /* ContentView.swift */; };
		4C5D2796292EB9330032F992 /* Assets.xcassets in Resources */ = {isa = PBXBuildFile; fileRef = 4C5D2795292EB9330032F992 /* Assets.xcassets */; };
		4C5D279A292EB9330032F992 /* Preview Assets.xcassets in Resources */ = {isa = PBXBuildFile; fileRef = 4C5D2799292EB9330032F992 /* Preview Assets.xcassets */; };
		4C5D27A4292EB9330032F992 /* Decamp2Tests.swift in Sources */ = {isa = PBXBuildFile; fileRef = 4C5D27A3292EB9330032F992 /* Decamp2Tests.swift */; };
		4C5D27AE292EB9330032F992 /* Decamp2UITests.swift in Sources */ = {isa = PBXBuildFile; fileRef = 4C5D27AD292EB9330032F992 /* Decamp2UITests.swift */; };
		4C5D27B0292EB9330032F992 /* Decamp2UITestsLaunchTests.swift in Sources */ = {isa = PBXBuildFile; fileRef = 4C5D27AF292EB9330032F992 /* Decamp2UITestsLaunchTests.swift */; };
		4C5D27C0292EDAE70032F992 /* WebView.swift in Sources */ = {isa = PBXBuildFile; fileRef = 4C5D27BF292EDAE70032F992 /* WebView.swift */; };
		4CD0051D2936F90A008B8CCA /* ThirtyThreeToNYC.swift in Sources */ = {isa = PBXBuildFile; fileRef = 4CD0051C2936F90A008B8CCA /* ThirtyThreeToNYC.swift */; };
		4CD0051F2936F91C008B8CCA /* ThirtyThreeFromNYC.swift in Sources */ = {isa = PBXBuildFile; fileRef = 4CD0051E2936F91C008B8CCA /* ThirtyThreeFromNYC.swift */; };
		4CFF6347292EE54B00A1B270 /* DeCampTwitter.html in Resources */ = {isa = PBXBuildFile; fileRef = 4CFF6346292EE54A00A1B270 /* DeCampTwitter.html */; };
		4CFF63492930011600A1B270 /* FromBus.swift in Sources */ = {isa = PBXBuildFile; fileRef = 4CFF63482930011600A1B270 /* FromBus.swift */; };
		4CFF634B2930129100A1B270 /* ToBus.swift in Sources */ = {isa = PBXBuildFile; fileRef = 4CFF634A2930129100A1B270 /* ToBus.swift */; };
		4CFF634E2930146500A1B270 /* FindBus.swift in Sources */ = {isa = PBXBuildFile; fileRef = 4CFF634D2930146500A1B270 /* FindBus.swift */; };
		5315EAC9FE4B809A4041EF36 /* libPods-Decamp2-Decamp2UITests.a in Frameworks */ = {isa = PBXBuildFile; fileRef = 5B494000DDD0D89ABEEE1D66 /* libPods-Decamp2-Decamp2UITests.a */; };
		D54F4181FC442005D2825F95 /* libPods-Decamp2.a in Frameworks */ = {isa = PBXBuildFile; fileRef = 5541BA56E565E4B891C4E002 /* libPods-Decamp2.a */; };
		D7BB1FB78789956F0917FA9C /* libPods-Decamp2Tests.a in Frameworks */ = {isa = PBXBuildFile; fileRef = C6049824E98348DE3B47A82D /* libPods-Decamp2Tests.a */; };
/* End PBXBuildFile section */

/* Begin PBXContainerItemProxy section */
		4C5D27A0292EB9330032F992 /* PBXContainerItemProxy */ = {
			isa = PBXContainerItemProxy;
			containerPortal = 4C5D2786292EB9320032F992 /* Project object */;
			proxyType = 1;
			remoteGlobalIDString = 4C5D278D292EB9320032F992;
			remoteInfo = Decamp2;
		};
		4C5D27AA292EB9330032F992 /* PBXContainerItemProxy */ = {
			isa = PBXContainerItemProxy;
			containerPortal = 4C5D2786292EB9320032F992 /* Project object */;
			proxyType = 1;
			remoteGlobalIDString = 4C5D278D292EB9320032F992;
			remoteInfo = Decamp2;
		};
/* End PBXContainerItemProxy section */

/* Begin PBXFileReference section */
		4197616986AB67456BDB7B59 /* Pods-Decamp2Tests.debug.xcconfig */ = {isa = PBXFileReference; includeInIndex = 1; lastKnownFileType = text.xcconfig; name = "Pods-Decamp2Tests.debug.xcconfig"; path = "Target Support Files/Pods-Decamp2Tests/Pods-Decamp2Tests.debug.xcconfig"; sourceTree = "<group>"; };
		421479DB6D36E6617A1C70BD /* Pods-Decamp2Tests.release.xcconfig */ = {isa = PBXFileReference; includeInIndex = 1; lastKnownFileType = text.xcconfig; name = "Pods-Decamp2Tests.release.xcconfig"; path = "Target Support Files/Pods-Decamp2Tests/Pods-Decamp2Tests.release.xcconfig"; sourceTree = "<group>"; };
		4C013B7029345EBB0083EBCA /* Info.plist */ = {isa = PBXFileReference; lastKnownFileType = text.plist; path = Info.plist; sourceTree = "<group>"; };
		4C013B7329345FA90083EBCA /* SwiftUIMobileAds.h */ = {isa = PBXFileReference; lastKnownFileType = sourcecode.c.h; path = SwiftUIMobileAds.h; sourceTree = "<group>"; };
		4C37226629346043007B1BB7 /* InterstitialAd.swift */ = {isa = PBXFileReference; fileEncoding = 4; lastKnownFileType = sourcecode.swift; path = InterstitialAd.swift; sourceTree = "<group>"; };
		4C37226729346045007B1BB7 /* FullScreenModifier.swift */ = {isa = PBXFileReference; fileEncoding = 4; lastKnownFileType = sourcecode.swift; path = FullScreenModifier.swift; sourceTree = "<group>"; };
		4C37226829346046007B1BB7 /* SwiftUIBannerAd.swift */ = {isa = PBXFileReference; fileEncoding = 4; lastKnownFileType = sourcecode.swift; path = SwiftUIBannerAd.swift; sourceTree = "<group>"; };
		4C37226929346048007B1BB7 /* RewardedAd.swift */ = {isa = PBXFileReference; fileEncoding = 4; lastKnownFileType = sourcecode.swift; path = RewardedAd.swift; sourceTree = "<group>"; };
		4C37226E29346056007B1BB7 /* SwiftUIMobileAds.swift */ = {isa = PBXFileReference; fileEncoding = 4; lastKnownFileType = sourcecode.swift; path = SwiftUIMobileAds.swift; sourceTree = "<group>"; };
		4C489E8B293C46EB008CE6C5 /* ThirtyThreeToNycWeekend.swift */ = {isa = PBXFileReference; lastKnownFileType = sourcecode.swift; path = ThirtyThreeToNycWeekend.swift; sourceTree = "<group>"; };
		4C489E8D293C4700008CE6C5 /* ThirtyThreeFromNycWeekend.swift */ = {isa = PBXFileReference; lastKnownFileType = sourcecode.swift; path = ThirtyThreeFromNycWeekend.swift; sourceTree = "<group>"; };
		4C489E8F293C4720008CE6C5 /* FofrtyFourToNyc.swift */ = {isa = PBXFileReference; lastKnownFileType = sourcecode.swift; path = FofrtyFourToNyc.swift; sourceTree = "<group>"; };
		4C489E91293C4734008CE6C5 /* FortyFourFromNYC.swift */ = {isa = PBXFileReference; lastKnownFileType = sourcecode.swift; path = FortyFourFromNYC.swift; sourceTree = "<group>"; };
		4C489E97293C477E008CE6C5 /* SixtySixToNYC.swift */ = {isa = PBXFileReference; lastKnownFileType = sourcecode.swift; path = SixtySixToNYC.swift; sourceTree = "<group>"; };
		4C489E99293C479A008CE6C5 /* SixtySixFromNYC.swift */ = {isa = PBXFileReference; lastKnownFileType = sourcecode.swift; path = SixtySixFromNYC.swift; sourceTree = "<group>"; };
		4C489E9B293C47AE008CE6C5 /* SixtySixToNYCWeekend.swift */ = {isa = PBXFileReference; lastKnownFileType = sourcecode.swift; path = SixtySixToNYCWeekend.swift; sourceTree = "<group>"; };
		4C489E9D293C47C7008CE6C5 /* SixtySixFromNYCWeekend.swift */ = {isa = PBXFileReference; lastKnownFileType = sourcecode.swift; path = SixtySixFromNYCWeekend.swift; sourceTree = "<group>"; };
		4C5D278E292EB9320032F992 /* Decamp2.app */ = {isa = PBXFileReference; explicitFileType = wrapper.application; includeInIndex = 0; path = Decamp2.app; sourceTree = BUILT_PRODUCTS_DIR; };
		4C5D2791292EB9320032F992 /* Decamp2App.swift */ = {isa = PBXFileReference; lastKnownFileType = sourcecode.swift; path = Decamp2App.swift; sourceTree = "<group>"; };
		4C5D2793292EB9320032F992 /* ContentView.swift */ = {isa = PBXFileReference; lastKnownFileType = sourcecode.swift; path = ContentView.swift; sourceTree = "<group>"; };
		4C5D2795292EB9330032F992 /* Assets.xcassets */ = {isa = PBXFileReference; lastKnownFileType = folder.assetcatalog; path = Assets.xcassets; sourceTree = "<group>"; };
		4C5D2797292EB9330032F992 /* Decamp2.entitlements */ = {isa = PBXFileReference; lastKnownFileType = text.plist.entitlements; path = Decamp2.entitlements; sourceTree = "<group>"; };
		4C5D2799292EB9330032F992 /* Preview Assets.xcassets */ = {isa = PBXFileReference; lastKnownFileType = folder.assetcatalog; path = "Preview Assets.xcassets"; sourceTree = "<group>"; };
		4C5D279F292EB9330032F992 /* Decamp2Tests.xctest */ = {isa = PBXFileReference; explicitFileType = wrapper.cfbundle; includeInIndex = 0; path = Decamp2Tests.xctest; sourceTree = BUILT_PRODUCTS_DIR; };
		4C5D27A3292EB9330032F992 /* Decamp2Tests.swift */ = {isa = PBXFileReference; lastKnownFileType = sourcecode.swift; path = Decamp2Tests.swift; sourceTree = "<group>"; };
		4C5D27A9292EB9330032F992 /* Decamp2UITests.xctest */ = {isa = PBXFileReference; explicitFileType = wrapper.cfbundle; includeInIndex = 0; path = Decamp2UITests.xctest; sourceTree = BUILT_PRODUCTS_DIR; };
		4C5D27AD292EB9330032F992 /* Decamp2UITests.swift */ = {isa = PBXFileReference; lastKnownFileType = sourcecode.swift; path = Decamp2UITests.swift; sourceTree = "<group>"; };
		4C5D27AF292EB9330032F992 /* Decamp2UITestsLaunchTests.swift */ = {isa = PBXFileReference; lastKnownFileType = sourcecode.swift; path = Decamp2UITestsLaunchTests.swift; sourceTree = "<group>"; };
		4C5D27BF292EDAE70032F992 /* WebView.swift */ = {isa = PBXFileReference; lastKnownFileType = sourcecode.swift; path = WebView.swift; sourceTree = "<group>"; };
		4CD0051C2936F90A008B8CCA /* ThirtyThreeToNYC.swift */ = {isa = PBXFileReference; lastKnownFileType = sourcecode.swift; path = ThirtyThreeToNYC.swift; sourceTree = "<group>"; };
		4CD0051E2936F91C008B8CCA /* ThirtyThreeFromNYC.swift */ = {isa = PBXFileReference; lastKnownFileType = sourcecode.swift; path = ThirtyThreeFromNYC.swift; sourceTree = "<group>"; };
		4CFF6346292EE54A00A1B270 /* DeCampTwitter.html */ = {isa = PBXFileReference; fileEncoding = 4; lastKnownFileType = text.html; path = DeCampTwitter.html; sourceTree = "<group>"; };
		4CFF63482930011600A1B270 /* FromBus.swift */ = {isa = PBXFileReference; lastKnownFileType = sourcecode.swift; path = FromBus.swift; sourceTree = "<group>"; };
		4CFF634A2930129100A1B270 /* ToBus.swift */ = {isa = PBXFileReference; lastKnownFileType = sourcecode.swift; path = ToBus.swift; sourceTree = "<group>"; };
		4CFF634D2930146500A1B270 /* FindBus.swift */ = {isa = PBXFileReference; lastKnownFileType = sourcecode.swift; path = FindBus.swift; sourceTree = "<group>"; };
		5541BA56E565E4B891C4E002 /* libPods-Decamp2.a */ = {isa = PBXFileReference; explicitFileType = archive.ar; includeInIndex = 0; path = "libPods-Decamp2.a"; sourceTree = BUILT_PRODUCTS_DIR; };
		5B494000DDD0D89ABEEE1D66 /* libPods-Decamp2-Decamp2UITests.a */ = {isa = PBXFileReference; explicitFileType = archive.ar; includeInIndex = 0; path = "libPods-Decamp2-Decamp2UITests.a"; sourceTree = BUILT_PRODUCTS_DIR; };
		6B1316F5320D9FD64508061D /* Pods-Decamp2-Decamp2UITests.release.xcconfig */ = {isa = PBXFileReference; includeInIndex = 1; lastKnownFileType = text.xcconfig; name = "Pods-Decamp2-Decamp2UITests.release.xcconfig"; path = "Target Support Files/Pods-Decamp2-Decamp2UITests/Pods-Decamp2-Decamp2UITests.release.xcconfig"; sourceTree = "<group>"; };
		8D7374F4E0F7BF4C135763FD /* Pods-Decamp2.release.xcconfig */ = {isa = PBXFileReference; includeInIndex = 1; lastKnownFileType = text.xcconfig; name = "Pods-Decamp2.release.xcconfig"; path = "Target Support Files/Pods-Decamp2/Pods-Decamp2.release.xcconfig"; sourceTree = "<group>"; };
		A9B56FDE081948252BAEB4B0 /* Pods-Decamp2-Decamp2UITests.debug.xcconfig */ = {isa = PBXFileReference; includeInIndex = 1; lastKnownFileType = text.xcconfig; name = "Pods-Decamp2-Decamp2UITests.debug.xcconfig"; path = "Target Support Files/Pods-Decamp2-Decamp2UITests/Pods-Decamp2-Decamp2UITests.debug.xcconfig"; sourceTree = "<group>"; };
		C6049824E98348DE3B47A82D /* libPods-Decamp2Tests.a */ = {isa = PBXFileReference; explicitFileType = archive.ar; includeInIndex = 0; path = "libPods-Decamp2Tests.a"; sourceTree = BUILT_PRODUCTS_DIR; };
		F929D479E8BB2CD55BAF35B0 /* Pods-Decamp2.debug.xcconfig */ = {isa = PBXFileReference; includeInIndex = 1; lastKnownFileType = text.xcconfig; name = "Pods-Decamp2.debug.xcconfig"; path = "Target Support Files/Pods-Decamp2/Pods-Decamp2.debug.xcconfig"; sourceTree = "<group>"; };
/* End PBXFileReference section */

/* Begin PBXFrameworksBuildPhase section */
		4C5D278B292EB9320032F992 /* Frameworks */ = {
			isa = PBXFrameworksBuildPhase;
			buildActionMask = 2147483647;
			files = (
				D54F4181FC442005D2825F95 /* libPods-Decamp2.a in Frameworks */,
			);
			runOnlyForDeploymentPostprocessing = 0;
		};
		4C5D279C292EB9330032F992 /* Frameworks */ = {
			isa = PBXFrameworksBuildPhase;
			buildActionMask = 2147483647;
			files = (
				D7BB1FB78789956F0917FA9C /* libPods-Decamp2Tests.a in Frameworks */,
			);
			runOnlyForDeploymentPostprocessing = 0;
		};
		4C5D27A6292EB9330032F992 /* Frameworks */ = {
			isa = PBXFrameworksBuildPhase;
			buildActionMask = 2147483647;
			files = (
				5315EAC9FE4B809A4041EF36 /* libPods-Decamp2-Decamp2UITests.a in Frameworks */,
			);
			runOnlyForDeploymentPostprocessing = 0;
		};
/* End PBXFrameworksBuildPhase section */

/* Begin PBXGroup section */
		0E5CBCEC1E0B3ACE4DC45FE2 /* Pods */ = {
			isa = PBXGroup;
			children = (
				F929D479E8BB2CD55BAF35B0 /* Pods-Decamp2.debug.xcconfig */,
				8D7374F4E0F7BF4C135763FD /* Pods-Decamp2.release.xcconfig */,
				A9B56FDE081948252BAEB4B0 /* Pods-Decamp2-Decamp2UITests.debug.xcconfig */,
				6B1316F5320D9FD64508061D /* Pods-Decamp2-Decamp2UITests.release.xcconfig */,
				4197616986AB67456BDB7B59 /* Pods-Decamp2Tests.debug.xcconfig */,
				421479DB6D36E6617A1C70BD /* Pods-Decamp2Tests.release.xcconfig */,
			);
			path = Pods;
			sourceTree = "<group>";
		};
		4C013B7129345F760083EBCA /* GAds */ = {
			isa = PBXGroup;
			children = (
				4C37226E29346056007B1BB7 /* SwiftUIMobileAds.swift */,
				4C013B7329345FA90083EBCA /* SwiftUIMobileAds.h */,
				4C013B7229345FA90083EBCA /* Views */,
			);
			path = GAds;
			sourceTree = "<group>";
		};
		4C013B7229345FA90083EBCA /* Views */ = {
			isa = PBXGroup;
			children = (
				4C37226729346045007B1BB7 /* FullScreenModifier.swift */,
				4C37226629346043007B1BB7 /* InterstitialAd.swift */,
				4C37226929346048007B1BB7 /* RewardedAd.swift */,
				4C37226829346046007B1BB7 /* SwiftUIBannerAd.swift */,
			);
			name = Views;
			sourceTree = "<group>";
		};
		4C5D2785292EB9320032F992 = {
			isa = PBXGroup;
			children = (
				4C013B7129345F760083EBCA /* GAds */,
				4CFF634C293012A200A1B270 /* Views */,
				4C5D2790292EB9320032F992 /* Decamp2 */,
				4CFF6345292EE4EF00A1B270 /* Supporting Files */,
				4CD0051B2936F8A2008B8CCA /* Models */,
				4C5D27A2292EB9330032F992 /* Decamp2Tests */,
				4C5D27AC292EB9330032F992 /* Decamp2UITests */,
				4C5D278F292EB9320032F992 /* Products */,
				0E5CBCEC1E0B3ACE4DC45FE2 /* Pods */,
				80A031AC94DB152298F4CCE0 /* Frameworks */,
			);
			sourceTree = "<group>";
		};
		4C5D278F292EB9320032F992 /* Products */ = {
			isa = PBXGroup;
			children = (
				4C5D278E292EB9320032F992 /* Decamp2.app */,
				4C5D279F292EB9330032F992 /* Decamp2Tests.xctest */,
				4C5D27A9292EB9330032F992 /* Decamp2UITests.xctest */,
			);
			name = Products;
			sourceTree = "<group>";
		};
		4C5D2790292EB9320032F992 /* Decamp2 */ = {
			isa = PBXGroup;
			children = (
				4C013B7029345EBB0083EBCA /* Info.plist */,
				4C5D2791292EB9320032F992 /* Decamp2App.swift */,
				4C5D2795292EB9330032F992 /* Assets.xcassets */,
				4C5D2797292EB9330032F992 /* Decamp2.entitlements */,
				4C5D2798292EB9330032F992 /* Preview Content */,
				4C5D27BF292EDAE70032F992 /* WebView.swift */,
			);
			path = Decamp2;
			sourceTree = "<group>";
		};
		4C5D2798292EB9330032F992 /* Preview Content */ = {
			isa = PBXGroup;
			children = (
				4C5D2799292EB9330032F992 /* Preview Assets.xcassets */,
			);
			path = "Preview Content";
			sourceTree = "<group>";
		};
		4C5D27A2292EB9330032F992 /* Decamp2Tests */ = {
			isa = PBXGroup;
			children = (
				4C5D27A3292EB9330032F992 /* Decamp2Tests.swift */,
			);
			path = Decamp2Tests;
			sourceTree = "<group>";
		};
		4C5D27AC292EB9330032F992 /* Decamp2UITests */ = {
			isa = PBXGroup;
			children = (
				4C5D27AD292EB9330032F992 /* Decamp2UITests.swift */,
				4C5D27AF292EB9330032F992 /* Decamp2UITestsLaunchTests.swift */,
			);
			path = Decamp2UITests;
			sourceTree = "<group>";
		};
		4CD0051B2936F8A2008B8CCA /* Models */ = {
			isa = PBXGroup;
			children = (
				4CD0051C2936F90A008B8CCA /* ThirtyThreeToNYC.swift */,
				4CD0051E2936F91C008B8CCA /* ThirtyThreeFromNYC.swift */,
				4C489E8B293C46EB008CE6C5 /* ThirtyThreeToNycWeekend.swift */,
				4C489E8D293C4700008CE6C5 /* ThirtyThreeFromNycWeekend.swift */,
				4C489E8F293C4720008CE6C5 /* FofrtyFourToNyc.swift */,
				4C489E91293C4734008CE6C5 /* FortyFourFromNYC.swift */,
				4C489E97293C477E008CE6C5 /* SixtySixToNYC.swift */,
				4C489E99293C479A008CE6C5 /* SixtySixFromNYC.swift */,
				4C489E9B293C47AE008CE6C5 /* SixtySixToNYCWeekend.swift */,
				4C489E9D293C47C7008CE6C5 /* SixtySixFromNYCWeekend.swift */,
			);
			path = Models;
			sourceTree = "<group>";
		};
		4CFF6345292EE4EF00A1B270 /* Supporting Files */ = {
			isa = PBXGroup;
			children = (
				4CFF6346292EE54A00A1B270 /* DeCampTwitter.html */,
			);
			path = "Supporting Files";
			sourceTree = "<group>";
		};
		4CFF634C293012A200A1B270 /* Views */ = {
			isa = PBXGroup;
			children = (
				4C5D2793292EB9320032F992 /* ContentView.swift */,
				4CFF634A2930129100A1B270 /* ToBus.swift */,
				4CFF63482930011600A1B270 /* FromBus.swift */,
				4CFF634D2930146500A1B270 /* FindBus.swift */,
			);
			path = Views;
			sourceTree = "<group>";
		};
		80A031AC94DB152298F4CCE0 /* Frameworks */ = {
			isa = PBXGroup;
			children = (
				5541BA56E565E4B891C4E002 /* libPods-Decamp2.a */,
				5B494000DDD0D89ABEEE1D66 /* libPods-Decamp2-Decamp2UITests.a */,
				C6049824E98348DE3B47A82D /* libPods-Decamp2Tests.a */,
			);
			name = Frameworks;
			sourceTree = "<group>";
		};
/* End PBXGroup section */

/* Begin PBXNativeTarget section */
		4C5D278D292EB9320032F992 /* Decamp2 */ = {
			isa = PBXNativeTarget;
			buildConfigurationList = 4C5D27B3292EB9330032F992 /* Build configuration list for PBXNativeTarget "Decamp2" */;
			buildPhases = (
				266E097E37CBEA79AEE6CB4B /* [CP] Check Pods Manifest.lock */,
				4C5D278A292EB9320032F992 /* Sources */,
				4C5D278B292EB9320032F992 /* Frameworks */,
				4C5D278C292EB9320032F992 /* Resources */,
			);
			buildRules = (
			);
			dependencies = (
			);
			name = Decamp2;
			productName = Decamp2;
			productReference = 4C5D278E292EB9320032F992 /* Decamp2.app */;
			productType = "com.apple.product-type.application";
		};
		4C5D279E292EB9330032F992 /* Decamp2Tests */ = {
			isa = PBXNativeTarget;
			buildConfigurationList = 4C5D27B6292EB9330032F992 /* Build configuration list for PBXNativeTarget "Decamp2Tests" */;
			buildPhases = (
				57D143AAF4D836A16A58B673 /* [CP] Check Pods Manifest.lock */,
				4C5D279B292EB9330032F992 /* Sources */,
				4C5D279C292EB9330032F992 /* Frameworks */,
				4C5D279D292EB9330032F992 /* Resources */,
			);
			buildRules = (
			);
			dependencies = (
				4C5D27A1292EB9330032F992 /* PBXTargetDependency */,
			);
			name = Decamp2Tests;
			productName = Decamp2Tests;
			productReference = 4C5D279F292EB9330032F992 /* Decamp2Tests.xctest */;
			productType = "com.apple.product-type.bundle.unit-test";
		};
		4C5D27A8292EB9330032F992 /* Decamp2UITests */ = {
			isa = PBXNativeTarget;
			buildConfigurationList = 4C5D27B9292EB9330032F992 /* Build configuration list for PBXNativeTarget "Decamp2UITests" */;
			buildPhases = (
				EB46CE0CB56E1096DFA468E6 /* [CP] Check Pods Manifest.lock */,
				4C5D27A5292EB9330032F992 /* Sources */,
				4C5D27A6292EB9330032F992 /* Frameworks */,
				4C5D27A7292EB9330032F992 /* Resources */,
			);
			buildRules = (
			);
			dependencies = (
				4C5D27AB292EB9330032F992 /* PBXTargetDependency */,
			);
			name = Decamp2UITests;
			productName = Decamp2UITests;
			productReference = 4C5D27A9292EB9330032F992 /* Decamp2UITests.xctest */;
			productType = "com.apple.product-type.bundle.ui-testing";
		};
/* End PBXNativeTarget section */

/* Begin PBXProject section */
		4C5D2786292EB9320032F992 /* Project object */ = {
			isa = PBXProject;
			attributes = {
				BuildIndependentTargetsInParallel = 1;
				LastSwiftUpdateCheck = 1400;
				LastUpgradeCheck = 1400;
				TargetAttributes = {
					4C5D278D292EB9320032F992 = {
						CreatedOnToolsVersion = 14.0;
					};
					4C5D279E292EB9330032F992 = {
						CreatedOnToolsVersion = 14.0;
						TestTargetID = 4C5D278D292EB9320032F992;
					};
					4C5D27A8292EB9330032F992 = {
						CreatedOnToolsVersion = 14.0;
						TestTargetID = 4C5D278D292EB9320032F992;
					};
				};
			};
			buildConfigurationList = 4C5D2789292EB9320032F992 /* Build configuration list for PBXProject "Decamp2" */;
			compatibilityVersion = "Xcode 13.0";
			developmentRegion = en;
			hasScannedForEncodings = 0;
			knownRegions = (
				en,
				Base,
			);
			mainGroup = 4C5D2785292EB9320032F992;
			productRefGroup = 4C5D278F292EB9320032F992 /* Products */;
			projectDirPath = "";
			projectRoot = "";
			targets = (
				4C5D278D292EB9320032F992 /* Decamp2 */,
				4C5D279E292EB9330032F992 /* Decamp2Tests */,
				4C5D27A8292EB9330032F992 /* Decamp2UITests */,
			);
		};
/* End PBXProject section */

/* Begin PBXResourcesBuildPhase section */
		4C5D278C292EB9320032F992 /* Resources */ = {
			isa = PBXResourcesBuildPhase;
			buildActionMask = 2147483647;
			files = (
				4CFF6347292EE54B00A1B270 /* DeCampTwitter.html in Resources */,
				4C5D279A292EB9330032F992 /* Preview Assets.xcassets in Resources */,
				4C5D2796292EB9330032F992 /* Assets.xcassets in Resources */,
			);
			runOnlyForDeploymentPostprocessing = 0;
		};
		4C5D279D292EB9330032F992 /* Resources */ = {
			isa = PBXResourcesBuildPhase;
			buildActionMask = 2147483647;
			files = (
			);
			runOnlyForDeploymentPostprocessing = 0;
		};
		4C5D27A7292EB9330032F992 /* Resources */ = {
			isa = PBXResourcesBuildPhase;
			buildActionMask = 2147483647;
			files = (
			);
			runOnlyForDeploymentPostprocessing = 0;
		};
/* End PBXResourcesBuildPhase section */

/* Begin PBXShellScriptBuildPhase section */
		266E097E37CBEA79AEE6CB4B /* [CP] Check Pods Manifest.lock */ = {
			isa = PBXShellScriptBuildPhase;
			buildActionMask = 2147483647;
			files = (
			);
			inputFileListPaths = (
			);
			inputPaths = (
				"${PODS_PODFILE_DIR_PATH}/Podfile.lock",
				"${PODS_ROOT}/Manifest.lock",
			);
			name = "[CP] Check Pods Manifest.lock";
			outputFileListPaths = (
			);
			outputPaths = (
				"$(DERIVED_FILE_DIR)/Pods-Decamp2-checkManifestLockResult.txt",
			);
			runOnlyForDeploymentPostprocessing = 0;
			shellPath = /bin/sh;
			shellScript = "diff \"${PODS_PODFILE_DIR_PATH}/Podfile.lock\" \"${PODS_ROOT}/Manifest.lock\" > /dev/null\nif [ $? != 0 ] ; then\n    # print error to STDERR\n    echo \"error: The sandbox is not in sync with the Podfile.lock. Run 'pod install' or update your CocoaPods installation.\" >&2\n    exit 1\nfi\n# This output is used by Xcode 'outputs' to avoid re-running this script phase.\necho \"SUCCESS\" > \"${SCRIPT_OUTPUT_FILE_0}\"\n";
			showEnvVarsInLog = 0;
		};
		57D143AAF4D836A16A58B673 /* [CP] Check Pods Manifest.lock */ = {
			isa = PBXShellScriptBuildPhase;
			buildActionMask = 2147483647;
			files = (
			);
			inputFileListPaths = (
			);
			inputPaths = (
				"${PODS_PODFILE_DIR_PATH}/Podfile.lock",
				"${PODS_ROOT}/Manifest.lock",
			);
			name = "[CP] Check Pods Manifest.lock";
			outputFileListPaths = (
			);
			outputPaths = (
				"$(DERIVED_FILE_DIR)/Pods-Decamp2Tests-checkManifestLockResult.txt",
			);
			runOnlyForDeploymentPostprocessing = 0;
			shellPath = /bin/sh;
			shellScript = "diff \"${PODS_PODFILE_DIR_PATH}/Podfile.lock\" \"${PODS_ROOT}/Manifest.lock\" > /dev/null\nif [ $? != 0 ] ; then\n    # print error to STDERR\n    echo \"error: The sandbox is not in sync with the Podfile.lock. Run 'pod install' or update your CocoaPods installation.\" >&2\n    exit 1\nfi\n# This output is used by Xcode 'outputs' to avoid re-running this script phase.\necho \"SUCCESS\" > \"${SCRIPT_OUTPUT_FILE_0}\"\n";
			showEnvVarsInLog = 0;
		};
		EB46CE0CB56E1096DFA468E6 /* [CP] Check Pods Manifest.lock */ = {
			isa = PBXShellScriptBuildPhase;
			buildActionMask = 2147483647;
			files = (
			);
			inputFileListPaths = (
			);
			inputPaths = (
				"${PODS_PODFILE_DIR_PATH}/Podfile.lock",
				"${PODS_ROOT}/Manifest.lock",
			);
			name = "[CP] Check Pods Manifest.lock";
			outputFileListPaths = (
			);
			outputPaths = (
				"$(DERIVED_FILE_DIR)/Pods-Decamp2-Decamp2UITests-checkManifestLockResult.txt",
			);
			runOnlyForDeploymentPostprocessing = 0;
			shellPath = /bin/sh;
			shellScript = "diff \"${PODS_PODFILE_DIR_PATH}/Podfile.lock\" \"${PODS_ROOT}/Manifest.lock\" > /dev/null\nif [ $? != 0 ] ; then\n    # print error to STDERR\n    echo \"error: The sandbox is not in sync with the Podfile.lock. Run 'pod install' or update your CocoaPods installation.\" >&2\n    exit 1\nfi\n# This output is used by Xcode 'outputs' to avoid re-running this script phase.\necho \"SUCCESS\" > \"${SCRIPT_OUTPUT_FILE_0}\"\n";
			showEnvVarsInLog = 0;
		};
/* End PBXShellScriptBuildPhase section */

/* Begin PBXSourcesBuildPhase section */
		4C5D278A292EB9320032F992 /* Sources */ = {
			isa = PBXSourcesBuildPhase;
			buildActionMask = 2147483647;
			files = (
				4CD0051D2936F90A008B8CCA /* ThirtyThreeToNYC.swift in Sources */,
				4C37226A29346048007B1BB7 /* InterstitialAd.swift in Sources */,
				4C37226F29346056007B1BB7 /* SwiftUIMobileAds.swift in Sources */,
				4C489E90293C4720008CE6C5 /* FofrtyFourToNyc.swift in Sources */,
				4C489E8E293C4700008CE6C5 /* ThirtyThreeFromNycWeekend.swift in Sources */,
				4CFF634B2930129100A1B270 /* ToBus.swift in Sources */,
				4CFF634E2930146500A1B270 /* FindBus.swift in Sources */,
				4C5D27C0292EDAE70032F992 /* WebView.swift in Sources */,
				4C489E9C293C47AE008CE6C5 /* SixtySixToNYCWeekend.swift in Sources */,
				4CD0051F2936F91C008B8CCA /* ThirtyThreeFromNYC.swift in Sources */,
				4C37226C29346048007B1BB7 /* SwiftUIBannerAd.swift in Sources */,
				4C489E98293C477E008CE6C5 /* SixtySixToNYC.swift in Sources */,
				4C489E9E293C47C7008CE6C5 /* SixtySixFromNYCWeekend.swift in Sources */,
				4C489E92293C4734008CE6C5 /* FortyFourFromNYC.swift in Sources */,
				4C5D2794292EB9320032F992 /* ContentView.swift in Sources */,
				4C37226B29346048007B1BB7 /* FullScreenModifier.swift in Sources */,
				4CFF63492930011600A1B270 /* FromBus.swift in Sources */,
				4C37226D29346048007B1BB7 /* RewardedAd.swift in Sources */,
				4C489E8C293C46EB008CE6C5 /* ThirtyThreeToNycWeekend.swift in Sources */,
				4C5D2792292EB9320032F992 /* Decamp2App.swift in Sources */,
				4C489E9A293C479A008CE6C5 /* SixtySixFromNYC.swift in Sources */,
			);
			runOnlyForDeploymentPostprocessing = 0;
		};
		4C5D279B292EB9330032F992 /* Sources */ = {
			isa = PBXSourcesBuildPhase;
			buildActionMask = 2147483647;
			files = (
				4C5D27A4292EB9330032F992 /* Decamp2Tests.swift in Sources */,
			);
			runOnlyForDeploymentPostprocessing = 0;
		};
		4C5D27A5292EB9330032F992 /* Sources */ = {
			isa = PBXSourcesBuildPhase;
			buildActionMask = 2147483647;
			files = (
				4C5D27AE292EB9330032F992 /* Decamp2UITests.swift in Sources */,
				4C5D27B0292EB9330032F992 /* Decamp2UITestsLaunchTests.swift in Sources */,
			);
			runOnlyForDeploymentPostprocessing = 0;
		};
/* End PBXSourcesBuildPhase section */

/* Begin PBXTargetDependency section */
		4C5D27A1292EB9330032F992 /* PBXTargetDependency */ = {
			isa = PBXTargetDependency;
			target = 4C5D278D292EB9320032F992 /* Decamp2 */;
			targetProxy = 4C5D27A0292EB9330032F992 /* PBXContainerItemProxy */;
		};
		4C5D27AB292EB9330032F992 /* PBXTargetDependency */ = {
			isa = PBXTargetDependency;
			target = 4C5D278D292EB9320032F992 /* Decamp2 */;
			targetProxy = 4C5D27AA292EB9330032F992 /* PBXContainerItemProxy */;
		};
/* End PBXTargetDependency section */

/* Begin XCBuildConfiguration section */
		4C5D27B1292EB9330032F992 /* Debug */ = {
			isa = XCBuildConfiguration;
			buildSettings = {
				ALWAYS_SEARCH_USER_PATHS = NO;
				CLANG_ANALYZER_NONNULL = YES;
				CLANG_ANALYZER_NUMBER_OBJECT_CONVERSION = YES_AGGRESSIVE;
				CLANG_CXX_LANGUAGE_STANDARD = "gnu++20";
				CLANG_ENABLE_MODULES = YES;
				CLANG_ENABLE_OBJC_ARC = YES;
				CLANG_ENABLE_OBJC_WEAK = YES;
				CLANG_WARN_BLOCK_CAPTURE_AUTORELEASING = YES;
				CLANG_WARN_BOOL_CONVERSION = YES;
				CLANG_WARN_COMMA = YES;
				CLANG_WARN_CONSTANT_CONVERSION = YES;
				CLANG_WARN_DEPRECATED_OBJC_IMPLEMENTATIONS = YES;
				CLANG_WARN_DIRECT_OBJC_ISA_USAGE = YES_ERROR;
				CLANG_WARN_DOCUMENTATION_COMMENTS = YES;
				CLANG_WARN_EMPTY_BODY = YES;
				CLANG_WARN_ENUM_CONVERSION = YES;
				CLANG_WARN_INFINITE_RECURSION = YES;
				CLANG_WARN_INT_CONVERSION = YES;
				CLANG_WARN_NON_LITERAL_NULL_CONVERSION = YES;
				CLANG_WARN_OBJC_IMPLICIT_RETAIN_SELF = YES;
				CLANG_WARN_OBJC_LITERAL_CONVERSION = YES;
				CLANG_WARN_OBJC_ROOT_CLASS = YES_ERROR;
				CLANG_WARN_QUOTED_INCLUDE_IN_FRAMEWORK_HEADER = YES;
				CLANG_WARN_RANGE_LOOP_ANALYSIS = YES;
				CLANG_WARN_STRICT_PROTOTYPES = YES;
				CLANG_WARN_SUSPICIOUS_MOVE = YES;
				CLANG_WARN_UNGUARDED_AVAILABILITY = YES_AGGRESSIVE;
				CLANG_WARN_UNREACHABLE_CODE = YES;
				CLANG_WARN__DUPLICATE_METHOD_MATCH = YES;
				COPY_PHASE_STRIP = NO;
				DEBUG_INFORMATION_FORMAT = dwarf;
				ENABLE_STRICT_OBJC_MSGSEND = YES;
				ENABLE_TESTABILITY = YES;
				GCC_C_LANGUAGE_STANDARD = gnu11;
				GCC_DYNAMIC_NO_PIC = NO;
				GCC_NO_COMMON_BLOCKS = YES;
				GCC_OPTIMIZATION_LEVEL = 0;
				GCC_PREPROCESSOR_DEFINITIONS = (
					"DEBUG=1",
					"$(inherited)",
				);
				GCC_WARN_64_TO_32_BIT_CONVERSION = YES;
				GCC_WARN_ABOUT_RETURN_TYPE = YES_ERROR;
				GCC_WARN_UNDECLARED_SELECTOR = YES;
				GCC_WARN_UNINITIALIZED_AUTOS = YES_AGGRESSIVE;
				GCC_WARN_UNUSED_FUNCTION = YES;
				GCC_WARN_UNUSED_VARIABLE = YES;
				MTL_ENABLE_DEBUG_INFO = INCLUDE_SOURCE;
				MTL_FAST_MATH = YES;
				ONLY_ACTIVE_ARCH = YES;
				SWIFT_ACTIVE_COMPILATION_CONDITIONS = DEBUG;
				SWIFT_OPTIMIZATION_LEVEL = "-Onone";
			};
			name = Debug;
		};
		4C5D27B2292EB9330032F992 /* Release */ = {
			isa = XCBuildConfiguration;
			buildSettings = {
				ALWAYS_SEARCH_USER_PATHS = NO;
				CLANG_ANALYZER_NONNULL = YES;
				CLANG_ANALYZER_NUMBER_OBJECT_CONVERSION = YES_AGGRESSIVE;
				CLANG_CXX_LANGUAGE_STANDARD = "gnu++20";
				CLANG_ENABLE_MODULES = YES;
				CLANG_ENABLE_OBJC_ARC = YES;
				CLANG_ENABLE_OBJC_WEAK = YES;
				CLANG_WARN_BLOCK_CAPTURE_AUTORELEASING = YES;
				CLANG_WARN_BOOL_CONVERSION = YES;
				CLANG_WARN_COMMA = YES;
				CLANG_WARN_CONSTANT_CONVERSION = YES;
				CLANG_WARN_DEPRECATED_OBJC_IMPLEMENTATIONS = YES;
				CLANG_WARN_DIRECT_OBJC_ISA_USAGE = YES_ERROR;
				CLANG_WARN_DOCUMENTATION_COMMENTS = YES;
				CLANG_WARN_EMPTY_BODY = YES;
				CLANG_WARN_ENUM_CONVERSION = YES;
				CLANG_WARN_INFINITE_RECURSION = YES;
				CLANG_WARN_INT_CONVERSION = YES;
				CLANG_WARN_NON_LITERAL_NULL_CONVERSION = YES;
				CLANG_WARN_OBJC_IMPLICIT_RETAIN_SELF = YES;
				CLANG_WARN_OBJC_LITERAL_CONVERSION = YES;
				CLANG_WARN_OBJC_ROOT_CLASS = YES_ERROR;
				CLANG_WARN_QUOTED_INCLUDE_IN_FRAMEWORK_HEADER = YES;
				CLANG_WARN_RANGE_LOOP_ANALYSIS = YES;
				CLANG_WARN_STRICT_PROTOTYPES = YES;
				CLANG_WARN_SUSPICIOUS_MOVE = YES;
				CLANG_WARN_UNGUARDED_AVAILABILITY = YES_AGGRESSIVE;
				CLANG_WARN_UNREACHABLE_CODE = YES;
				CLANG_WARN__DUPLICATE_METHOD_MATCH = YES;
				COPY_PHASE_STRIP = NO;
				DEBUG_INFORMATION_FORMAT = "dwarf-with-dsym";
				ENABLE_NS_ASSERTIONS = NO;
				ENABLE_STRICT_OBJC_MSGSEND = YES;
				GCC_C_LANGUAGE_STANDARD = gnu11;
				GCC_NO_COMMON_BLOCKS = YES;
				GCC_WARN_64_TO_32_BIT_CONVERSION = YES;
				GCC_WARN_ABOUT_RETURN_TYPE = YES_ERROR;
				GCC_WARN_UNDECLARED_SELECTOR = YES;
				GCC_WARN_UNINITIALIZED_AUTOS = YES_AGGRESSIVE;
				GCC_WARN_UNUSED_FUNCTION = YES;
				GCC_WARN_UNUSED_VARIABLE = YES;
				MTL_ENABLE_DEBUG_INFO = NO;
				MTL_FAST_MATH = YES;
				SWIFT_COMPILATION_MODE = wholemodule;
				SWIFT_OPTIMIZATION_LEVEL = "-O";
			};
			name = Release;
		};
		4C5D27B4292EB9330032F992 /* Debug */ = {
			isa = XCBuildConfiguration;
			baseConfigurationReference = F929D479E8BB2CD55BAF35B0 /* Pods-Decamp2.debug.xcconfig */;
			buildSettings = {
				ASSETCATALOG_COMPILER_APPICON_NAME = AppIcon;
				ASSETCATALOG_COMPILER_GLOBAL_ACCENT_COLOR_NAME = AccentColor;
				CODE_SIGN_ENTITLEMENTS = Decamp2/Decamp2.entitlements;
				CODE_SIGN_STYLE = Automatic;
				CURRENT_PROJECT_VERSION = 1;
				DEVELOPMENT_ASSET_PATHS = "\"Decamp2/Preview Content\"";
				DEVELOPMENT_TEAM = G3P9A8Z2NP;
				ENABLE_HARDENED_RUNTIME = YES;
				ENABLE_PREVIEWS = YES;
				GENERATE_INFOPLIST_FILE = YES;
				INFOPLIST_FILE = Decamp2/Info.plist;
				"INFOPLIST_KEY_UIApplicationSceneManifest_Generation[sdk=iphoneos*]" = YES;
				"INFOPLIST_KEY_UIApplicationSceneManifest_Generation[sdk=iphonesimulator*]" = YES;
				"INFOPLIST_KEY_UIApplicationSupportsIndirectInputEvents[sdk=iphoneos*]" = YES;
				"INFOPLIST_KEY_UIApplicationSupportsIndirectInputEvents[sdk=iphonesimulator*]" = YES;
				"INFOPLIST_KEY_UILaunchScreen_Generation[sdk=iphoneos*]" = YES;
				"INFOPLIST_KEY_UILaunchScreen_Generation[sdk=iphonesimulator*]" = YES;
				"INFOPLIST_KEY_UIStatusBarStyle[sdk=iphoneos*]" = UIStatusBarStyleDefault;
				"INFOPLIST_KEY_UIStatusBarStyle[sdk=iphonesimulator*]" = UIStatusBarStyleDefault;
				INFOPLIST_KEY_UISupportedInterfaceOrientations_iPad = "UIInterfaceOrientationPortrait UIInterfaceOrientationPortraitUpsideDown UIInterfaceOrientationLandscapeLeft UIInterfaceOrientationLandscapeRight";
				INFOPLIST_KEY_UISupportedInterfaceOrientations_iPhone = "UIInterfaceOrientationPortrait UIInterfaceOrientationLandscapeLeft UIInterfaceOrientationLandscapeRight";
				IPHONEOS_DEPLOYMENT_TARGET = 16.0;
				LD_RUNPATH_SEARCH_PATHS = "@executable_path/Frameworks";
				"LD_RUNPATH_SEARCH_PATHS[sdk=macosx*]" = "@executable_path/../Frameworks";
				MACOSX_DEPLOYMENT_TARGET = 12.3;
				MARKETING_VERSION = 1.0;
				PRODUCT_BUNDLE_IDENTIFIER = com.globalvibes.Decamp2;
				PRODUCT_NAME = "$(TARGET_NAME)";
				SDKROOT = auto;
				SUPPORTED_PLATFORMS = "iphoneos iphonesimulator macosx";
				SWIFT_EMIT_LOC_STRINGS = YES;
				SWIFT_VERSION = 5.0;
				TARGETED_DEVICE_FAMILY = "1,2";
			};
			name = Debug;
		};
		4C5D27B5292EB9330032F992 /* Release */ = {
			isa = XCBuildConfiguration;
			baseConfigurationReference = 8D7374F4E0F7BF4C135763FD /* Pods-Decamp2.release.xcconfig */;
			buildSettings = {
				ASSETCATALOG_COMPILER_APPICON_NAME = AppIcon;
				ASSETCATALOG_COMPILER_GLOBAL_ACCENT_COLOR_NAME = AccentColor;
				CODE_SIGN_ENTITLEMENTS = Decamp2/Decamp2.entitlements;
				CODE_SIGN_STYLE = Automatic;
				CURRENT_PROJECT_VERSION = 1;
				DEVELOPMENT_ASSET_PATHS = "\"Decamp2/Preview Content\"";
				DEVELOPMENT_TEAM = G3P9A8Z2NP;
				ENABLE_HARDENED_RUNTIME = YES;
				ENABLE_PREVIEWS = YES;
				GENERATE_INFOPLIST_FILE = YES;
				INFOPLIST_FILE = Decamp2/Info.plist;
				"INFOPLIST_KEY_UIApplicationSceneManifest_Generation[sdk=iphoneos*]" = YES;
				"INFOPLIST_KEY_UIApplicationSceneManifest_Generation[sdk=iphonesimulator*]" = YES;
				"INFOPLIST_KEY_UIApplicationSupportsIndirectInputEvents[sdk=iphoneos*]" = YES;
				"INFOPLIST_KEY_UIApplicationSupportsIndirectInputEvents[sdk=iphonesimulator*]" = YES;
				"INFOPLIST_KEY_UILaunchScreen_Generation[sdk=iphoneos*]" = YES;
				"INFOPLIST_KEY_UILaunchScreen_Generation[sdk=iphonesimulator*]" = YES;
				"INFOPLIST_KEY_UIStatusBarStyle[sdk=iphoneos*]" = UIStatusBarStyleDefault;
				"INFOPLIST_KEY_UIStatusBarStyle[sdk=iphonesimulator*]" = UIStatusBarStyleDefault;
				INFOPLIST_KEY_UISupportedInterfaceOrientations_iPad = "UIInterfaceOrientationPortrait UIInterfaceOrientationPortraitUpsideDown UIInterfaceOrientationLandscapeLeft UIInterfaceOrientationLandscapeRight";
				INFOPLIST_KEY_UISupportedInterfaceOrientations_iPhone = "UIInterfaceOrientationPortrait UIInterfaceOrientationLandscapeLeft UIInterfaceOrientationLandscapeRight";
				IPHONEOS_DEPLOYMENT_TARGET = 16.0;
				LD_RUNPATH_SEARCH_PATHS = "@executable_path/Frameworks";
				"LD_RUNPATH_SEARCH_PATHS[sdk=macosx*]" = "@executable_path/../Frameworks";
				MACOSX_DEPLOYMENT_TARGET = 12.3;
				MARKETING_VERSION = 1.0;
				PRODUCT_BUNDLE_IDENTIFIER = com.globalvibes.Decamp2;
				PRODUCT_NAME = "$(TARGET_NAME)";
				SDKROOT = auto;
				SUPPORTED_PLATFORMS = "iphoneos iphonesimulator macosx";
				SWIFT_EMIT_LOC_STRINGS = YES;
				SWIFT_VERSION = 5.0;
				TARGETED_DEVICE_FAMILY = "1,2";
			};
			name = Release;
		};
		4C5D27B7292EB9330032F992 /* Debug */ = {
			isa = XCBuildConfiguration;
			baseConfigurationReference = 4197616986AB67456BDB7B59 /* Pods-Decamp2Tests.debug.xcconfig */;
			buildSettings = {
				ALWAYS_EMBED_SWIFT_STANDARD_LIBRARIES = YES;
				BUNDLE_LOADER = "$(TEST_HOST)";
				CODE_SIGN_STYLE = Automatic;
				CURRENT_PROJECT_VERSION = 1;
				DEVELOPMENT_TEAM = G3P9A8Z2NP;
				GENERATE_INFOPLIST_FILE = YES;
				IPHONEOS_DEPLOYMENT_TARGET = 16.0;
				MACOSX_DEPLOYMENT_TARGET = 12.3;
				MARKETING_VERSION = 1.0;
				PRODUCT_BUNDLE_IDENTIFIER = com.globalvibes.Decamp2Tests;
				PRODUCT_NAME = "$(TARGET_NAME)";
				SDKROOT = auto;
				SUPPORTED_PLATFORMS = "iphoneos iphonesimulator macosx";
				SWIFT_EMIT_LOC_STRINGS = NO;
				SWIFT_VERSION = 5.0;
				TARGETED_DEVICE_FAMILY = "1,2";
				TEST_HOST = "$(BUILT_PRODUCTS_DIR)/Decamp2.app/$(BUNDLE_EXECUTABLE_FOLDER_PATH)/Decamp2";
			};
			name = Debug;
		};
		4C5D27B8292EB9330032F992 /* Release */ = {
			isa = XCBuildConfiguration;
			baseConfigurationReference = 421479DB6D36E6617A1C70BD /* Pods-Decamp2Tests.release.xcconfig */;
			buildSettings = {
				ALWAYS_EMBED_SWIFT_STANDARD_LIBRARIES = YES;
				BUNDLE_LOADER = "$(TEST_HOST)";
				CODE_SIGN_STYLE = Automatic;
				CURRENT_PROJECT_VERSION = 1;
				DEVELOPMENT_TEAM = G3P9A8Z2NP;
				GENERATE_INFOPLIST_FILE = YES;
				IPHONEOS_DEPLOYMENT_TARGET = 16.0;
				MACOSX_DEPLOYMENT_TARGET = 12.3;
				MARKETING_VERSION = 1.0;
				PRODUCT_BUNDLE_IDENTIFIER = com.globalvibes.Decamp2Tests;
				PRODUCT_NAME = "$(TARGET_NAME)";
				SDKROOT = auto;
				SUPPORTED_PLATFORMS = "iphoneos iphonesimulator macosx";
				SWIFT_EMIT_LOC_STRINGS = NO;
				SWIFT_VERSION = 5.0;
				TARGETED_DEVICE_FAMILY = "1,2";
				TEST_HOST = "$(BUILT_PRODUCTS_DIR)/Decamp2.app/$(BUNDLE_EXECUTABLE_FOLDER_PATH)/Decamp2";
			};
			name = Release;
		};
		4C5D27BA292EB9330032F992 /* Debug */ = {
			isa = XCBuildConfiguration;
			baseConfigurationReference = A9B56FDE081948252BAEB4B0 /* Pods-Decamp2-Decamp2UITests.debug.xcconfig */;
			buildSettings = {
				ALWAYS_EMBED_SWIFT_STANDARD_LIBRARIES = YES;
				CODE_SIGN_STYLE = Automatic;
				CURRENT_PROJECT_VERSION = 1;
				DEVELOPMENT_TEAM = G3P9A8Z2NP;
				GENERATE_INFOPLIST_FILE = YES;
				IPHONEOS_DEPLOYMENT_TARGET = 16.0;
				MACOSX_DEPLOYMENT_TARGET = 12.3;
				MARKETING_VERSION = 1.0;
				PRODUCT_BUNDLE_IDENTIFIER = com.globalvibes.Decamp2UITests;
				PRODUCT_NAME = "$(TARGET_NAME)";
				SDKROOT = auto;
				SUPPORTED_PLATFORMS = "iphoneos iphonesimulator macosx";
				SWIFT_EMIT_LOC_STRINGS = NO;
				SWIFT_VERSION = 5.0;
				TARGETED_DEVICE_FAMILY = "1,2";
				TEST_TARGET_NAME = Decamp2;
			};
			name = Debug;
		};
		4C5D27BB292EB9330032F992 /* Release */ = {
			isa = XCBuildConfiguration;
			baseConfigurationReference = 6B1316F5320D9FD64508061D /* Pods-Decamp2-Decamp2UITests.release.xcconfig */;
			buildSettings = {
				ALWAYS_EMBED_SWIFT_STANDARD_LIBRARIES = YES;
				CODE_SIGN_STYLE = Automatic;
				CURRENT_PROJECT_VERSION = 1;
				DEVELOPMENT_TEAM = G3P9A8Z2NP;
				GENERATE_INFOPLIST_FILE = YES;
				IPHONEOS_DEPLOYMENT_TARGET = 16.0;
				MACOSX_DEPLOYMENT_TARGET = 12.3;
				MARKETING_VERSION = 1.0;
				PRODUCT_BUNDLE_IDENTIFIER = com.globalvibes.Decamp2UITests;
				PRODUCT_NAME = "$(TARGET_NAME)";
				SDKROOT = auto;
				SUPPORTED_PLATFORMS = "iphoneos iphonesimulator macosx";
				SWIFT_EMIT_LOC_STRINGS = NO;
				SWIFT_VERSION = 5.0;
				TARGETED_DEVICE_FAMILY = "1,2";
				TEST_TARGET_NAME = Decamp2;
			};
			name = Release;
		};
/* End XCBuildConfiguration section */

/* Begin XCConfigurationList section */
		4C5D2789292EB9320032F992 /* Build configuration list for PBXProject "Decamp2" */ = {
			isa = XCConfigurationList;
			buildConfigurations = (
				4C5D27B1292EB9330032F992 /* Debug */,
				4C5D27B2292EB9330032F992 /* Release */,
			);
			defaultConfigurationIsVisible = 0;
			defaultConfigurationName = Release;
		};
		4C5D27B3292EB9330032F992 /* Build configuration list for PBXNativeTarget "Decamp2" */ = {
			isa = XCConfigurationList;
			buildConfigurations = (
				4C5D27B4292EB9330032F992 /* Debug */,
				4C5D27B5292EB9330032F992 /* Release */,
			);
			defaultConfigurationIsVisible = 0;
			defaultConfigurationName = Release;
		};
		4C5D27B6292EB9330032F992 /* Build configuration list for PBXNativeTarget "Decamp2Tests" */ = {
			isa = XCConfigurationList;
			buildConfigurations = (
				4C5D27B7292EB9330032F992 /* Debug */,
				4C5D27B8292EB9330032F992 /* Release */,
			);
			defaultConfigurationIsVisible = 0;
			defaultConfigurationName = Release;
		};
		4C5D27B9292EB9330032F992 /* Build configuration list for PBXNativeTarget "Decamp2UITests" */ = {
			isa = XCConfigurationList;
			buildConfigurations = (
				4C5D27BA292EB9330032F992 /* Debug */,
				4C5D27BB292EB9330032F992 /* Release */,
			);
			defaultConfigurationIsVisible = 0;
			defaultConfigurationName = Release;
		};
/* End XCConfigurationList section */
	};
	rootObject = 4C5D2786292EB9320032F992 /* Project object */;
}
